
Microsoft Visual Studio Solution File, Format Version 12.00
# Visual Studio Version 16
VisualStudioVersion = 16.0.30225.117
MinimumVisualStudioVersion = 10.0.40219.1
Project("{FAE04EC0-301F-11D3-BF4B-00C04F79EFBC}") = "FIT5032_MilkyTeaHouse", "FIT5032_MilkyTeaHouse.csproj", "{B895703C-FBBA-43A8-AC17-FBFAB7590DD9}"
EndProject
Global
	GlobalSection(SolutionConfigurationPlatforms) = preSolution
		Debug|Any CPU = Debug|Any CPU
		Release|Any CPU = Release|Any CPU
	EndGlobalSection
	GlobalSection(ProjectConfigurationPlatforms) = postSolution
		{B895703C-FBBA-43A8-AC17-FBFAB7590DD9}.Debug|Any CPU.ActiveCfg = Debug|Any CPU
		{B895703C-FBBA-43A8-AC17-FBFAB7590DD9}.Debug|Any CPU.Build.0 = Debug|Any CPU
		{B895703C-FBBA-43A8-AC17-FBFAB7590DD9}.Release|Any CPU.ActiveCfg = Release|Any CPU
		{B895703C-FBBA-43A8-AC17-FBFAB7590DD9}.Release|Any CPU.Build.0 = Release|Any CPU
	EndGlobalSection
	GlobalSection(SolutionProperties) = preSolution
		HideSolutionNode = FALSE
	EndGlobalSection
	GlobalSection(ExtensibilityGlobals) = postSolution
		SolutionGuid = {C4214A75-23D5-4E36-9718-1B63B95091F4}
	EndGlobalSection
EndGlobal
